
Microsoft Visual Studio Solution File, Format Version 12.00
# Visual Studio Version 16
VisualStudioVersion = 16.0.32002.261
MinimumVisualStudioVersion = 10.0.40219.1
Project("{FAE04EC0-301F-11D3-BF4B-00C04F79EFBC}") = "denis4", "denis4\denis4.csproj", "{214B636D-3EC0-4570-B64D-EBC73378D421}"
EndProject
Global
	GlobalSection(SolutionConfigurationPlatforms) = preSolution
		Debug|Any CPU = Debug|Any CPU
		Release|Any CPU = Release|Any CPU
	EndGlobalSection
	GlobalSection(ProjectConfigurationPlatforms) = postSolution
		{214B636D-3EC0-4570-B64D-EBC73378D421}.Debug|Any CPU.ActiveCfg = Debug|Any CPU
		{214B636D-3EC0-4570-B64D-EBC73378D421}.Debug|Any CPU.Build.0 = Debug|Any CPU
		{214B636D-3EC0-4570-B64D-EBC73378D421}.Release|Any CPU.ActiveCfg = Release|Any CPU
		{214B636D-3EC0-4570-B64D-EBC73378D421}.Release|Any CPU.Build.0 = Release|Any CPU
	EndGlobalSection
	GlobalSection(SolutionProperties) = preSolution
		HideSolutionNode = FALSE
	EndGlobalSection
	GlobalSection(ExtensibilityGlobals) = postSolution
		SolutionGuid = {2887CC37-1877-493E-B734-68AE1EBE3BAB}
	EndGlobalSection
EndGlobal
